
Microsoft Visual Studio Solution File, Format Version 12.00
# Visual Studio Version 16
VisualStudioVersion = 16.0.30717.126
MinimumVisualStudioVersion = 10.0.40219.1
Project("{8BC9CEB8-8B4A-11D0-8D11-00A0C91BC942}") = "Lab-5", "Lab-5\Lab-5.vcxproj", "{5402B7A2-BDAC-4A15-A449-F2068F14F2AD}"
EndProject
Global
	GlobalSection(SolutionConfigurationPlatforms) = preSolution
		Debug|x64 = Debug|x64
		Debug|x86 = Debug|x86
		Release|x64 = Release|x64
		Release|x86 = Release|x86
	EndGlobalSection
	GlobalSection(ProjectConfigurationPlatforms) = postSolution
		{5402B7A2-BDAC-4A15-A449-F2068F14F2AD}.Debug|x64.ActiveCfg = Debug|x64
		{5402B7A2-BDAC-4A15-A449-F2068F14F2AD}.Debug|x64.Build.0 = Debug|x64
		{5402B7A2-BDAC-4A15-A449-F2068F14F2AD}.Debug|x86.ActiveCfg = Debug|Win32
		{5402B7A2-BDAC-4A15-A449-F2068F14F2AD}.Debug|x86.Build.0 = Debug|Win32
		{5402B7A2-BDAC-4A15-A449-F2068F14F2AD}.Release|x64.ActiveCfg = Release|x64
		{5402B7A2-BDAC-4A15-A449-F2068F14F2AD}.Release|x64.Build.0 = Release|x64
		{5402B7A2-BDAC-4A15-A449-F2068F14F2AD}.Release|x86.ActiveCfg = Release|Win32
		{5402B7A2-BDAC-4A15-A449-F2068F14F2AD}.Release|x86.Build.0 = Release|Win32
	EndGlobalSection
	GlobalSection(SolutionProperties) = preSolution
		HideSolutionNode = FALSE
	EndGlobalSection
	GlobalSection(ExtensibilityGlobals) = postSolution
		SolutionGuid = {304EFB23-D632-4227-9FA0-31EC5951F432}
	EndGlobalSection
EndGlobal
