
Microsoft Visual Studio Solution File, Format Version 12.00
# Visual Studio Version 16
VisualStudioVersion = 16.0.30717.126
MinimumVisualStudioVersion = 10.0.40219.1
Project("{8BC9CEB8-8B4A-11D0-8D11-00A0C91BC942}") = "Lab-7", "Lab-7\Lab-7.vcxproj", "{D93D05A6-63CA-4AD2-94B8-991CE6DE3F93}"
EndProject
Global
	GlobalSection(SolutionConfigurationPlatforms) = preSolution
		Debug|x64 = Debug|x64
		Debug|x86 = Debug|x86
		Release|x64 = Release|x64
		Release|x86 = Release|x86
	EndGlobalSection
	GlobalSection(ProjectConfigurationPlatforms) = postSolution
		{D93D05A6-63CA-4AD2-94B8-991CE6DE3F93}.Debug|x64.ActiveCfg = Debug|x64
		{D93D05A6-63CA-4AD2-94B8-991CE6DE3F93}.Debug|x64.Build.0 = Debug|x64
		{D93D05A6-63CA-4AD2-94B8-991CE6DE3F93}.Debug|x86.ActiveCfg = Debug|Win32
		{D93D05A6-63CA-4AD2-94B8-991CE6DE3F93}.Debug|x86.Build.0 = Debug|Win32
		{D93D05A6-63CA-4AD2-94B8-991CE6DE3F93}.Release|x64.ActiveCfg = Release|x64
		{D93D05A6-63CA-4AD2-94B8-991CE6DE3F93}.Release|x64.Build.0 = Release|x64
		{D93D05A6-63CA-4AD2-94B8-991CE6DE3F93}.Release|x86.ActiveCfg = Release|Win32
		{D93D05A6-63CA-4AD2-94B8-991CE6DE3F93}.Release|x86.Build.0 = Release|Win32
	EndGlobalSection
	GlobalSection(SolutionProperties) = preSolution
		HideSolutionNode = FALSE
	EndGlobalSection
	GlobalSection(ExtensibilityGlobals) = postSolution
		SolutionGuid = {321921A6-2768-464E-8B5A-7C1DA6A3E9AE}
	EndGlobalSection
EndGlobal
