
Microsoft Visual Studio Solution File, Format Version 12.00
# Visual Studio Version 16
VisualStudioVersion = 16.0.30717.126
MinimumVisualStudioVersion = 10.0.40219.1
Project("{8BC9CEB8-8B4A-11D0-8D11-00A0C91BC942}") = "Lab-3", "Lab-3\Lab-3.vcxproj", "{5C548236-342A-43B8-9067-4E39D1D2056E}"
EndProject
Project("{8BC9CEB8-8B4A-11D0-8D11-00A0C91BC942}") = "Lab-3а", "Lab-3а\Lab-3а.vcxproj", "{3DE11BB2-6A69-406F-9B03-A26FEFEF0102}"
EndProject
Project("{8BC9CEB8-8B4A-11D0-8D11-00A0C91BC942}") = "Lab-3б", "Lab-3б\Lab-3б.vcxproj", "{02F38371-ED7D-42A0-A320-3FB60712BA1E}"
EndProject
Global
	GlobalSection(SolutionConfigurationPlatforms) = preSolution
		Debug|x64 = Debug|x64
		Debug|x86 = Debug|x86
		Release|x64 = Release|x64
		Release|x86 = Release|x86
	EndGlobalSection
	GlobalSection(ProjectConfigurationPlatforms) = postSolution
		{5C548236-342A-43B8-9067-4E39D1D2056E}.Debug|x64.ActiveCfg = Debug|x64
		{5C548236-342A-43B8-9067-4E39D1D2056E}.Debug|x64.Build.0 = Debug|x64
		{5C548236-342A-43B8-9067-4E39D1D2056E}.Debug|x86.ActiveCfg = Debug|Win32
		{5C548236-342A-43B8-9067-4E39D1D2056E}.Debug|x86.Build.0 = Debug|Win32
		{5C548236-342A-43B8-9067-4E39D1D2056E}.Release|x64.ActiveCfg = Release|x64
		{5C548236-342A-43B8-9067-4E39D1D2056E}.Release|x64.Build.0 = Release|x64
		{5C548236-342A-43B8-9067-4E39D1D2056E}.Release|x86.ActiveCfg = Release|Win32
		{5C548236-342A-43B8-9067-4E39D1D2056E}.Release|x86.Build.0 = Release|Win32
		{3DE11BB2-6A69-406F-9B03-A26FEFEF0102}.Debug|x64.ActiveCfg = Debug|x64
		{3DE11BB2-6A69-406F-9B03-A26FEFEF0102}.Debug|x64.Build.0 = Debug|x64
		{3DE11BB2-6A69-406F-9B03-A26FEFEF0102}.Debug|x86.ActiveCfg = Debug|Win32
		{3DE11BB2-6A69-406F-9B03-A26FEFEF0102}.Debug|x86.Build.0 = Debug|Win32
		{3DE11BB2-6A69-406F-9B03-A26FEFEF0102}.Release|x64.ActiveCfg = Release|x64
		{3DE11BB2-6A69-406F-9B03-A26FEFEF0102}.Release|x64.Build.0 = Release|x64
		{3DE11BB2-6A69-406F-9B03-A26FEFEF0102}.Release|x86.ActiveCfg = Release|Win32
		{3DE11BB2-6A69-406F-9B03-A26FEFEF0102}.Release|x86.Build.0 = Release|Win32
		{02F38371-ED7D-42A0-A320-3FB60712BA1E}.Debug|x64.ActiveCfg = Debug|x64
		{02F38371-ED7D-42A0-A320-3FB60712BA1E}.Debug|x64.Build.0 = Debug|x64
		{02F38371-ED7D-42A0-A320-3FB60712BA1E}.Debug|x86.ActiveCfg = Debug|Win32
		{02F38371-ED7D-42A0-A320-3FB60712BA1E}.Debug|x86.Build.0 = Debug|Win32
		{02F38371-ED7D-42A0-A320-3FB60712BA1E}.Release|x64.ActiveCfg = Release|x64
		{02F38371-ED7D-42A0-A320-3FB60712BA1E}.Release|x64.Build.0 = Release|x64
		{02F38371-ED7D-42A0-A320-3FB60712BA1E}.Release|x86.ActiveCfg = Release|Win32
		{02F38371-ED7D-42A0-A320-3FB60712BA1E}.Release|x86.Build.0 = Release|Win32
	EndGlobalSection
	GlobalSection(SolutionProperties) = preSolution
		HideSolutionNode = FALSE
	EndGlobalSection
	GlobalSection(ExtensibilityGlobals) = postSolution
		SolutionGuid = {C6339576-A129-4908-A801-96BB56938109}
	EndGlobalSection
EndGlobal
